
Microsoft Visual Studio Solution File, Format Version 12.00
# Visual Studio 15
VisualStudioVersion = 15.0.26730.16
MinimumVisualStudioVersion = 10.0.40219.1
Project("{8BC9CEB8-8B4A-11D0-8D11-00A0C91BC942}") = "Lecture 12", "Lecture 12\Lecture 12.vcxproj", "{DF414723-E787-4672-8E32-D7FCC2D02A60}"
EndProject
Global
	GlobalSection(SolutionConfigurationPlatforms) = preSolution
		Debug|x64 = Debug|x64
		Debug|x86 = Debug|x86
		Release|x64 = Release|x64
		Release|x86 = Release|x86
	EndGlobalSection
	GlobalSection(ProjectConfigurationPlatforms) = postSolution
		{DF414723-E787-4672-8E32-D7FCC2D02A60}.Debug|x64.ActiveCfg = Debug|x64
		{DF414723-E787-4672-8E32-D7FCC2D02A60}.Debug|x64.Build.0 = Debug|x64
		{DF414723-E787-4672-8E32-D7FCC2D02A60}.Debug|x86.ActiveCfg = Debug|Win32
		{DF414723-E787-4672-8E32-D7FCC2D02A60}.Debug|x86.Build.0 = Debug|Win32
		{DF414723-E787-4672-8E32-D7FCC2D02A60}.Release|x64.ActiveCfg = Release|x64
		{DF414723-E787-4672-8E32-D7FCC2D02A60}.Release|x64.Build.0 = Release|x64
		{DF414723-E787-4672-8E32-D7FCC2D02A60}.Release|x86.ActiveCfg = Release|Win32
		{DF414723-E787-4672-8E32-D7FCC2D02A60}.Release|x86.Build.0 = Release|Win32
	EndGlobalSection
	GlobalSection(SolutionProperties) = preSolution
		HideSolutionNode = FALSE
	EndGlobalSection
	GlobalSection(ExtensibilityGlobals) = postSolution
		SolutionGuid = {B2C38FC6-6FA7-4775-9500-DE07F02D1AB8}
	EndGlobalSection
EndGlobal
